// !$*UTF8*$!
{
	archiveVersion = 1;
	classes = {
	};
	objectVersion = 46;
	objects = {

/* Begin PBXBuildFile section */
		B0B274EE1621288300A917F6 /* UIKit.framework in Frameworks */ = {isa = PBXBuildFile; fileRef = B0B274ED1621288200A917F6 /* UIKit.framework */; };
		B0B274F01621288300A917F6 /* Foundation.framework in Frameworks */ = {isa = PBXBuildFile; fileRef = B0B274EF1621288300A917F6 /* Foundation.framework */; };
		B0B274F21621288300A917F6 /* CoreGraphics.framework in Frameworks */ = {isa = PBXBuildFile; fileRef = B0B274F11621288300A917F6 /* CoreGraphics.framework */; };
		B0B274F81621288300A917F6 /* InfoPlist.strings in Resources */ = {isa = PBXBuildFile; fileRef = B0B274F61621288300A917F6 /* InfoPlist.strings */; };
		B0B274FA1621288300A917F6 /* main.m in Sources */ = {isa = PBXBuildFile; fileRef = B0B274F91621288300A917F6 /* main.m */; };
		B0B274FE1621288300A917F6 /* MyOpenGLAppDelegate.m in Sources */ = {isa = PBXBuildFile; fileRef = B0B274FD1621288300A917F6 /* MyOpenGLAppDelegate.m */; };
		B0B275001621288300A917F6 /* Default.png in Resources */ = {isa = PBXBuildFile; fileRef = B0B274FF1621288300A917F6 /* Default.png */; };
		B0B275021621288300A917F6 /* Default@2x.png in Resources */ = {isa = PBXBuildFile; fileRef = B0B275011621288300A917F6 /* Default@2x.png */; };
		B0B275041621288300A917F6 /* Default-568h@2x.png in Resources */ = {isa = PBXBuildFile; fileRef = B0B275031621288300A917F6 /* Default-568h@2x.png */; };
		B0B275071621288300A917F6 /* MainStoryboard.storyboard in Resources */ = {isa = PBXBuildFile; fileRef = B0B275051621288300A917F6 /* MainStoryboard.storyboard */; };
		B0B2750A1621288300A917F6 /* MyOpenGLViewController.m in Sources */ = {isa = PBXBuildFile; fileRef = B0B275091621288300A917F6 /* MyOpenGLViewController.m */; };
		B0B2751A16212B3100A917F6 /* optionCell.m in Sources */ = {isa = PBXBuildFile; fileRef = B0B2751916212B3100A917F6 /* optionCell.m */; };
		B0B27526162133A400A917F6 /* OpenGLContextViewController.m in Sources */ = {isa = PBXBuildFile; fileRef = B0B27525162133A400A917F6 /* OpenGLContextViewController.m */; };
/* End PBXBuildFile section */

/* Begin PBXFileReference section */
		B0B274E91621288200A917F6 /* MyOpenGL.app */ = {isa = PBXFileReference; explicitFileType = wrapper.application; includeInIndex = 0; path = MyOpenGL.app; sourceTree = BUILT_PRODUCTS_DIR; };
		B0B274ED1621288200A917F6 /* UIKit.framework */ = {isa = PBXFileReference; lastKnownFileType = wrapper.framework; name = UIKit.framework; path = System/Library/Frameworks/UIKit.framework; sourceTree = SDKROOT; };
		B0B274EF1621288300A917F6 /* Foundation.framework */ = {isa = PBXFileReference; lastKnownFileType = wrapper.framework; name = Foundation.framework; path = System/Library/Frameworks/Foundation.framework; sourceTree = SDKROOT; };
		B0B274F11621288300A917F6 /* CoreGraphics.framework */ = {isa = PBXFileReference; lastKnownFileType = wrapper.framework; name = CoreGraphics.framework; path = System/Library/Frameworks/CoreGraphics.framework; sourceTree = SDKROOT; };
		B0B274F51621288300A917F6 /* MyOpenGL-Info.plist */ = {isa = PBXFileReference; lastKnownFileType = text.plist.xml; path = "MyOpenGL-Info.plist"; sourceTree = "<group>"; };
		B0B274F71621288300A917F6 /* en */ = {isa = PBXFileReference; lastKnownFileType = text.plist.strings; name = en; path = en.lproj/InfoPlist.strings; sourceTree = "<group>"; };
		B0B274F91621288300A917F6 /* main.m */ = {isa = PBXFileReference; lastKnownFileType = sourcecode.c.objc; path = main.m; sourceTree = "<group>"; };
		B0B274FB1621288300A917F6 /* MyOpenGL-Prefix.pch */ = {isa = PBXFileReference; lastKnownFileType = sourcecode.c.h; path = "MyOpenGL-Prefix.pch"; sourceTree = "<group>"; };
		B0B274FC1621288300A917F6 /* MyOpenGLAppDelegate.h */ = {isa = PBXFileReference; lastKnownFileType = sourcecode.c.h; path = MyOpenGLAppDelegate.h; sourceTree = "<group>"; };
		B0B274FD1621288300A917F6 /* MyOpenGLAppDelegate.m */ = {isa = PBXFileReference; lastKnownFileType = sourcecode.c.objc; path = MyOpenGLAppDelegate.m; sourceTree = "<group>"; };
		B0B274FF1621288300A917F6 /* Default.png */ = {isa = PBXFileReference; lastKnownFileType = image.png; path = Default.png; sourceTree = "<group>"; };
		B0B275011621288300A917F6 /* Default@2x.png */ = {isa = PBXFileReference; lastKnownFileType = image.png; path = "Default@2x.png"; sourceTree = "<group>"; };
		B0B275031621288300A917F6 /* Default-568h@2x.png */ = {isa = PBXFileReference; lastKnownFileType = image.png; path = "Default-568h@2x.png"; sourceTree = "<group>"; };
		B0B275061621288300A917F6 /* en */ = {isa = PBXFileReference; lastKnownFileType = file.storyboard; name = en; path = en.lproj/MainStoryboard.storyboard; sourceTree = "<group>"; };
		B0B275081621288300A917F6 /* MyOpenGLViewController.h */ = {isa = PBXFileReference; lastKnownFileType = sourcecode.c.h; path = MyOpenGLViewController.h; sourceTree = "<group>"; };
		B0B275091621288300A917F6 /* MyOpenGLViewController.m */ = {isa = PBXFileReference; lastKnownFileType = sourcecode.c.objc; path = MyOpenGLViewController.m; sourceTree = "<group>"; };
		B0B2751816212B3100A917F6 /* optionCell.h */ = {isa = PBXFileReference; fileEncoding = 4; lastKnownFileType = sourcecode.c.h; path = optionCell.h; sourceTree = "<group>"; };
		B0B2751916212B3100A917F6 /* optionCell.m */ = {isa = PBXFileReference; fileEncoding = 4; lastKnownFileType = sourcecode.c.objc; path = optionCell.m; sourceTree = "<group>"; };
		B0B27524162133A400A917F6 /* OpenGLContextViewController.h */ = {isa = PBXFileReference; fileEncoding = 4; lastKnownFileType = sourcecode.c.h; path = OpenGLContextViewController.h; sourceTree = "<group>"; };
		B0B27525162133A400A917F6 /* OpenGLContextViewController.m */ = {isa = PBXFileReference; fileEncoding = 4; lastKnownFileType = sourcecode.c.objc; path = OpenGLContextViewController.m; sourceTree = "<group>"; };
/* End PBXFileReference section */

/* Begin PBXFrameworksBuildPhase section */
		B0B274E61621288200A917F6 /* Frameworks */ = {
			isa = PBXFrameworksBuildPhase;
			buildActionMask = 2147483647;
			files = (
				B0B274EE1621288300A917F6 /* UIKit.framework in Frameworks */,
				B0B274F01621288300A917F6 /* Foundation.framework in Frameworks */,
				B0B274F21621288300A917F6 /* CoreGraphics.framework in Frameworks */,
			);
			runOnlyForDeploymentPostprocessing = 0;
		};
/* End PBXFrameworksBuildPhase section */

/* Begin PBXGroup section */
		B0B274DE1621288200A917F6 = {
			isa = PBXGroup;
			children = (
				B0B274F31621288300A917F6 /* MyOpenGL */,
				B0B274EC1621288200A917F6 /* Frameworks */,
				B0B274EA1621288200A917F6 /* Products */,
			);
			sourceTree = "<group>";
		};
		B0B274EA1621288200A917F6 /* Products */ = {
			isa = PBXGroup;
			children = (
				B0B274E91621288200A917F6 /* MyOpenGL.app */,
			);
			name = Products;
			sourceTree = "<group>";
		};
		B0B274EC1621288200A917F6 /* Frameworks */ = {
			isa = PBXGroup;
			children = (
				B0B274ED1621288200A917F6 /* UIKit.framework */,
				B0B274EF1621288300A917F6 /* Foundation.framework */,
				B0B274F11621288300A917F6 /* CoreGraphics.framework */,
			);
			name = Frameworks;
			sourceTree = "<group>";
		};
		B0B274F31621288300A917F6 /* MyOpenGL */ = {
			isa = PBXGroup;
			children = (
				B0B274FC1621288300A917F6 /* MyOpenGLAppDelegate.h */,
				B0B274FD1621288300A917F6 /* MyOpenGLAppDelegate.m */,
				B0B275051621288300A917F6 /* MainStoryboard.storyboard */,
				B0B27524162133A400A917F6 /* OpenGLContextViewController.h */,
				B0B27525162133A400A917F6 /* OpenGLContextViewController.m */,
				B0B2751816212B3100A917F6 /* optionCell.h */,
				B0B2751916212B3100A917F6 /* optionCell.m */,
				B0B275081621288300A917F6 /* MyOpenGLViewController.h */,
				B0B275091621288300A917F6 /* MyOpenGLViewController.m */,
				B0B274F41621288300A917F6 /* Supporting Files */,
			);
			path = MyOpenGL;
			sourceTree = "<group>";
		};
		B0B274F41621288300A917F6 /* Supporting Files */ = {
			isa = PBXGroup;
			children = (
				B0B274F51621288300A917F6 /* MyOpenGL-Info.plist */,
				B0B274F61621288300A917F6 /* InfoPlist.strings */,
				B0B274F91621288300A917F6 /* main.m */,
				B0B274FB1621288300A917F6 /* MyOpenGL-Prefix.pch */,
				B0B274FF1621288300A917F6 /* Default.png */,
				B0B275011621288300A917F6 /* Default@2x.png */,
				B0B275031621288300A917F6 /* Default-568h@2x.png */,
			);
			name = "Supporting Files";
			sourceTree = "<group>";
		};
/* End PBXGroup section */

/* Begin PBXNativeTarget section */
		B0B274E81621288200A917F6 /* MyOpenGL */ = {
			isa = PBXNativeTarget;
			buildConfigurationList = B0B2750D1621288300A917F6 /* Build configuration list for PBXNativeTarget "MyOpenGL" */;
			buildPhases = (
				B0B274E51621288200A917F6 /* Sources */,
				B0B274E61621288200A917F6 /* Frameworks */,
				B0B274E71621288200A917F6 /* Resources */,
			);
			buildRules = (
			);
			dependencies = (
			);
			name = MyOpenGL;
			productName = MyOpenGL;
			productReference = B0B274E91621288200A917F6 /* MyOpenGL.app */;
			productType = "com.apple.product-type.application";
		};
/* End PBXNativeTarget section */

/* Begin PBXProject section */
		B0B274E01621288200A917F6 /* Project object */ = {
			isa = PBXProject;
			attributes = {
				CLASSPREFIX = MyOpenGL;
				LastUpgradeCheck = 0450;
				ORGANIZATIONNAME = LSU;
			};
			buildConfigurationList = B0B274E31621288200A917F6 /* Build configuration list for PBXProject "MyOpenGL" */;
			compatibilityVersion = "Xcode 3.2";
			developmentRegion = English;
			hasScannedForEncodings = 0;
			knownRegions = (
				en,
			);
			mainGroup = B0B274DE1621288200A917F6;
			productRefGroup = B0B274EA1621288200A917F6 /* Products */;
			projectDirPath = "";
			projectRoot = "";
			targets = (
				B0B274E81621288200A917F6 /* MyOpenGL */,
			);
		};
/* End PBXProject section */

/* Begin PBXResourcesBuildPhase section */
		B0B274E71621288200A917F6 /* Resources */ = {
			isa = PBXResourcesBuildPhase;
			buildActionMask = 2147483647;
			files = (
				B0B274F81621288300A917F6 /* InfoPlist.strings in Resources */,
				B0B275001621288300A917F6 /* Default.png in Resources */,
				B0B275021621288300A917F6 /* Default@2x.png in Resources */,
				B0B275041621288300A917F6 /* Default-568h@2x.png in Resources */,
				B0B275071621288300A917F6 /* MainStoryboard.storyboard in Resources */,
			);
			runOnlyForDeploymentPostprocessing = 0;
		};
/* End PBXResourcesBuildPhase section */

/* Begin PBXSourcesBuildPhase section */
		B0B274E51621288200A917F6 /* Sources */ = {
			isa = PBXSourcesBuildPhase;
			buildActionMask = 2147483647;
			files = (
				B0B274FA1621288300A917F6 /* main.m in Sources */,
				B0B274FE1621288300A917F6 /* MyOpenGLAppDelegate.m in Sources */,
				B0B2750A1621288300A917F6 /* MyOpenGLViewController.m in Sources */,
				B0B2751A16212B3100A917F6 /* optionCell.m in Sources */,
				B0B27526162133A400A917F6 /* OpenGLContextViewController.m in Sources */,
			);
			runOnlyForDeploymentPostprocessing = 0;
		};
/* End PBXSourcesBuildPhase section */

/* Begin PBXVariantGroup section */
		B0B274F61621288300A917F6 /* InfoPlist.strings */ = {
			isa = PBXVariantGroup;
			children = (
				B0B274F71621288300A917F6 /* en */,
			);
			name = InfoPlist.strings;
			sourceTree = "<group>";
		};
		B0B275051621288300A917F6 /* MainStoryboard.storyboard */ = {
			isa = PBXVariantGroup;
			children = (
				B0B275061621288300A917F6 /* en */,
			);
			name = MainStoryboard.storyboard;
			sourceTree = "<group>";
		};
/* End PBXVariantGroup section */

/* Begin XCBuildConfiguration section */
		B0B2750B1621288300A917F6 /* Debug */ = {
			isa = XCBuildConfiguration;
			buildSettings = {
				ALWAYS_SEARCH_USER_PATHS = NO;
				CLANG_CXX_LANGUAGE_STANDARD = "gnu++0x";
				CLANG_CXX_LIBRARY = "libc++";
				CLANG_ENABLE_OBJC_ARC = YES;
				CLANG_WARN_EMPTY_BODY = YES;
				CLANG_WARN__DUPLICATE_METHOD_MATCH = YES;
				"CODE_SIGN_IDENTITY[sdk=iphoneos*]" = "iPhone Developer";
				COPY_PHASE_STRIP = NO;
				GCC_C_LANGUAGE_STANDARD = gnu99;
				GCC_DYNAMIC_NO_PIC = NO;
				GCC_OPTIMIZATION_LEVEL = 0;
				GCC_PREPROCESSOR_DEFINITIONS = (
					"DEBUG=1",
					"$(inherited)",
				);
				GCC_SYMBOLS_PRIVATE_EXTERN = NO;
				GCC_WARN_ABOUT_RETURN_TYPE = YES;
				GCC_WARN_UNINITIALIZED_AUTOS = YES;
				GCC_WARN_UNUSED_VARIABLE = YES;
				IPHONEOS_DEPLOYMENT_TARGET = 6.0;
				SDKROOT = iphoneos;
			};
			name = Debug;
		};
		B0B2750C1621288300A917F6 /* Release */ = {
			isa = XCBuildConfiguration;
			buildSettings = {
				ALWAYS_SEARCH_USER_PATHS = NO;
				CLANG_CXX_LANGUAGE_STANDARD = "gnu++0x";
				CLANG_CXX_LIBRARY = "libc++";
				CLANG_ENABLE_OBJC_ARC = YES;
				CLANG_WARN_EMPTY_BODY = YES;
				CLANG_WARN__DUPLICATE_METHOD_MATCH = YES;
				"CODE_SIGN_IDENTITY[sdk=iphoneos*]" = "iPhone Developer";
				COPY_PHASE_STRIP = YES;
				GCC_C_LANGUAGE_STANDARD = gnu99;
				GCC_WARN_ABOUT_RETURN_TYPE = YES;
				GCC_WARN_UNINITIALIZED_AUTOS = YES;
				GCC_WARN_UNUSED_VARIABLE = YES;
				IPHONEOS_DEPLOYMENT_TARGET = 6.0;
				OTHER_CFLAGS = "-DNS_BLOCK_ASSERTIONS=1";
				SDKROOT = iphoneos;
				VALIDATE_PRODUCT = YES;
			};
			name = Release;
		};
		B0B2750E1621288300A917F6 /* Debug */ = {
			isa = XCBuildConfiguration;
			buildSettings = {
				GCC_PRECOMPILE_PREFIX_HEADER = YES;
				GCC_PREFIX_HEADER = "MyOpenGL/MyOpenGL-Prefix.pch";
				INFOPLIST_FILE = "MyOpenGL/MyOpenGL-Info.plist";
				PRODUCT_NAME = "$(TARGET_NAME)";
				WRAPPER_EXTENSION = app;
			};
			name = Debug;
		};
		B0B2750F1621288300A917F6 /* Release */ = {
			isa = XCBuildConfiguration;
			buildSettings = {
				GCC_PRECOMPILE_PREFIX_HEADER = YES;
				GCC_PREFIX_HEADER = "MyOpenGL/MyOpenGL-Prefix.pch";
				INFOPLIST_FILE = "MyOpenGL/MyOpenGL-Info.plist";
				PRODUCT_NAME = "$(TARGET_NAME)";
				WRAPPER_EXTENSION = app;
			};
			name = Release;
		};
/* End XCBuildConfiguration section */

/* Begin XCConfigurationList section */
		B0B274E31621288200A917F6 /* Build configuration list for PBXProject "MyOpenGL" */ = {
			isa = XCConfigurationList;
			buildConfigurations = (
				B0B2750B1621288300A917F6 /* Debug */,
				B0B2750C1621288300A917F6 /* Release */,
			);
			defaultConfigurationIsVisible = 0;
			defaultConfigurationName = Release;
		};
		B0B2750D1621288300A917F6 /* Build configuration list for PBXNativeTarget "MyOpenGL" */ = {
			isa = XCConfigurationList;
			buildConfigurations = (
				B0B2750E1621288300A917F6 /* Debug */,
				B0B2750F1621288300A917F6 /* Release */,
			);
			defaultConfigurationIsVisible = 0;
		};
/* End XCConfigurationList section */
	};
	rootObject = B0B274E01621288200A917F6 /* Project object */;
}
